
Microsoft Visual Studio Solution File, Format Version 12.00
# Visual Studio Version 16
VisualStudioVersion = 16.0.31112.23
MinimumVisualStudioVersion = 10.0.40219.1
Project("{FAE04EC0-301F-11D3-BF4B-00C04F79EFBC}") = "HangFire-Services", "HangFire-Services.csproj", "{C0034497-4B0F-455D-BF88-9CC0010BD8F3}"
EndProject
Global
	GlobalSection(SolutionConfigurationPlatforms) = preSolution
		Debug|Any CPU = Debug|Any CPU
		Release|Any CPU = Release|Any CPU
	EndGlobalSection
	GlobalSection(ProjectConfigurationPlatforms) = postSolution
		{C0034497-4B0F-455D-BF88-9CC0010BD8F3}.Debug|Any CPU.ActiveCfg = Debug|Any CPU
		{C0034497-4B0F-455D-BF88-9CC0010BD8F3}.Debug|Any CPU.Build.0 = Debug|Any CPU
		{C0034497-4B0F-455D-BF88-9CC0010BD8F3}.Release|Any CPU.ActiveCfg = Release|Any CPU
		{C0034497-4B0F-455D-BF88-9CC0010BD8F3}.Release|Any CPU.Build.0 = Release|Any CPU
	EndGlobalSection
	GlobalSection(SolutionProperties) = preSolution
		HideSolutionNode = FALSE
	EndGlobalSection
	GlobalSection(ExtensibilityGlobals) = postSolution
		SolutionGuid = {CE0D20C2-3F5A-49A4-BB6E-CFB488EBBE84}
	EndGlobalSection
EndGlobal
